// !$*UTF8*$!
{
	archiveVersion = 1;
	classes = {
	};
	objectVersion = 46;
	objects = {

/* Begin PBXBuildFile section */
		EB5BEFA51E724ECC00D49AB8 /* Double+Ext.swift in Sources */ = {isa = PBXBuildFile; fileRef = EB5BEFA41E724ECC00D49AB8 /* Double+Ext.swift */; };
		EB5BEFA91E724EF400D49AB8 /* ScratchLabel.swift in Sources */ = {isa = PBXBuildFile; fileRef = EB5BEFA71E724EF400D49AB8 /* ScratchLabel.swift */; };
		EB5BEFAA1E724EF400D49AB8 /* TipSlider.swift in Sources */ = {isa = PBXBuildFile; fileRef = EB5BEFA81E724EF400D49AB8 /* TipSlider.swift */; };
		EB5BEFAD1E724F0E00D49AB8 /* Configuration.swift in Sources */ = {isa = PBXBuildFile; fileRef = EB5BEFAC1E724F0E00D49AB8 /* Configuration.swift */; };
		EB5BEFB31E72558600D49AB8 /* UserSettingsViewController.swift in Sources */ = {isa = PBXBuildFile; fileRef = EB5BEFB11E72558600D49AB8 /* UserSettingsViewController.swift */; };
		EB5BEFB41E72558600D49AB8 /* ViewController.swift in Sources */ = {isa = PBXBuildFile; fileRef = EB5BEFB21E72558600D49AB8 /* ViewController.swift */; };
		EB6A68741E67A42B00F6412D /* AppDelegate.swift in Sources */ = {isa = PBXBuildFile; fileRef = EB6A68731E67A42B00F6412D /* AppDelegate.swift */; };
		EB6A68791E67A42B00F6412D /* Main.storyboard in Resources */ = {isa = PBXBuildFile; fileRef = EB6A68771E67A42B00F6412D /* Main.storyboard */; };
		EB6A687B1E67A42B00F6412D /* Assets.xcassets in Resources */ = {isa = PBXBuildFile; fileRef = EB6A687A1E67A42B00F6412D /* Assets.xcassets */; };
		EB6A687E1E67A42B00F6412D /* LaunchScreen.storyboard in Resources */ = {isa = PBXBuildFile; fileRef = EB6A687C1E67A42B00F6412D /* LaunchScreen.storyboard */; };
		EB6A68891E67A42B00F6412D /* TipsCalculatorTests.swift in Sources */ = {isa = PBXBuildFile; fileRef = EB6A68881E67A42B00F6412D /* TipsCalculatorTests.swift */; };
		EB6A68941E67A42B00F6412D /* TipsCalculatorUITests.swift in Sources */ = {isa = PBXBuildFile; fileRef = EB6A68931E67A42B00F6412D /* TipsCalculatorUITests.swift */; };
		EB71A3AD1E73A595000A5F1B /* Data.plist in Resources */ = {isa = PBXBuildFile; fileRef = EB71A3AC1E73A595000A5F1B /* Data.plist */; };
		EB71A3B21E73A655000A5F1B /* DataManager.swift in Sources */ = {isa = PBXBuildFile; fileRef = EB71A3B11E73A655000A5F1B /* DataManager.swift */; };
/* End PBXBuildFile section */

/* Begin PBXContainerItemProxy section */
		EB6A68851E67A42B00F6412D /* PBXContainerItemProxy */ = {
			isa = PBXContainerItemProxy;
			containerPortal = EB6A68681E67A42B00F6412D /* Project object */;
			proxyType = 1;
			remoteGlobalIDString = EB6A686F1E67A42B00F6412D;
			remoteInfo = TipsCalculator;
		};
		EB6A68901E67A42B00F6412D /* PBXContainerItemProxy */ = {
			isa = PBXContainerItemProxy;
			containerPortal = EB6A68681E67A42B00F6412D /* Project object */;
			proxyType = 1;
			remoteGlobalIDString = EB6A686F1E67A42B00F6412D;
			remoteInfo = TipsCalculator;
		};
/* End PBXContainerItemProxy section */

/* Begin PBXFileReference section */
		EB5BEFA41E724ECC00D49AB8 /* Double+Ext.swift */ = {isa = PBXFileReference; fileEncoding = 4; lastKnownFileType = sourcecode.swift; path = "Double+Ext.swift"; sourceTree = "<group>"; };
		EB5BEFA71E724EF400D49AB8 /* ScratchLabel.swift */ = {isa = PBXFileReference; fileEncoding = 4; lastKnownFileType = sourcecode.swift; path = ScratchLabel.swift; sourceTree = "<group>"; };
		EB5BEFA81E724EF400D49AB8 /* TipSlider.swift */ = {isa = PBXFileReference; fileEncoding = 4; lastKnownFileType = sourcecode.swift; path = TipSlider.swift; sourceTree = "<group>"; };
		EB5BEFAC1E724F0E00D49AB8 /* Configuration.swift */ = {isa = PBXFileReference; fileEncoding = 4; lastKnownFileType = sourcecode.swift; path = Configuration.swift; sourceTree = "<group>"; };
		EB5BEFB11E72558600D49AB8 /* UserSettingsViewController.swift */ = {isa = PBXFileReference; fileEncoding = 4; lastKnownFileType = sourcecode.swift; path = UserSettingsViewController.swift; sourceTree = "<group>"; };
		EB5BEFB21E72558600D49AB8 /* ViewController.swift */ = {isa = PBXFileReference; fileEncoding = 4; lastKnownFileType = sourcecode.swift; path = ViewController.swift; sourceTree = "<group>"; };
		EB6A68701E67A42B00F6412D /* TipsCalculator.app */ = {isa = PBXFileReference; explicitFileType = wrapper.application; includeInIndex = 0; path = TipsCalculator.app; sourceTree = BUILT_PRODUCTS_DIR; };
		EB6A68731E67A42B00F6412D /* AppDelegate.swift */ = {isa = PBXFileReference; lastKnownFileType = sourcecode.swift; path = AppDelegate.swift; sourceTree = "<group>"; };
		EB6A68781E67A42B00F6412D /* Base */ = {isa = PBXFileReference; lastKnownFileType = file.storyboard; name = Base; path = Base.lproj/Main.storyboard; sourceTree = "<group>"; };
		EB6A687A1E67A42B00F6412D /* Assets.xcassets */ = {isa = PBXFileReference; lastKnownFileType = folder.assetcatalog; path = Assets.xcassets; sourceTree = "<group>"; };
		EB6A687D1E67A42B00F6412D /* Base */ = {isa = PBXFileReference; lastKnownFileType = file.storyboard; name = Base; path = Base.lproj/LaunchScreen.storyboard; sourceTree = "<group>"; };
		EB6A687F1E67A42B00F6412D /* Info.plist */ = {isa = PBXFileReference; lastKnownFileType = text.plist.xml; path = Info.plist; sourceTree = "<group>"; };
		EB6A68841E67A42B00F6412D /* TipsCalculatorTests.xctest */ = {isa = PBXFileReference; explicitFileType = wrapper.cfbundle; includeInIndex = 0; path = TipsCalculatorTests.xctest; sourceTree = BUILT_PRODUCTS_DIR; };
		EB6A68881E67A42B00F6412D /* TipsCalculatorTests.swift */ = {isa = PBXFileReference; lastKnownFileType = sourcecode.swift; path = TipsCalculatorTests.swift; sourceTree = "<group>"; };
		EB6A688A1E67A42B00F6412D /* Info.plist */ = {isa = PBXFileReference; lastKnownFileType = text.plist.xml; path = Info.plist; sourceTree = "<group>"; };
		EB6A688F1E67A42B00F6412D /* TipsCalculatorUITests.xctest */ = {isa = PBXFileReference; explicitFileType = wrapper.cfbundle; includeInIndex = 0; path = TipsCalculatorUITests.xctest; sourceTree = BUILT_PRODUCTS_DIR; };
		EB6A68931E67A42B00F6412D /* TipsCalculatorUITests.swift */ = {isa = PBXFileReference; lastKnownFileType = sourcecode.swift; path = TipsCalculatorUITests.swift; sourceTree = "<group>"; };
		EB6A68951E67A42B00F6412D /* Info.plist */ = {isa = PBXFileReference; lastKnownFileType = text.plist.xml; path = Info.plist; sourceTree = "<group>"; };
		EB71A3AC1E73A595000A5F1B /* Data.plist */ = {isa = PBXFileReference; fileEncoding = 4; lastKnownFileType = text.plist.xml; path = Data.plist; sourceTree = "<group>"; };
		EB71A3B11E73A655000A5F1B /* DataManager.swift */ = {isa = PBXFileReference; fileEncoding = 4; lastKnownFileType = sourcecode.swift; path = DataManager.swift; sourceTree = "<group>"; };
/* End PBXFileReference section */

/* Begin PBXFrameworksBuildPhase section */
		EB6A686D1E67A42B00F6412D /* Frameworks */ = {
			isa = PBXFrameworksBuildPhase;
			buildActionMask = 2147483647;
			files = (
			);
			runOnlyForDeploymentPostprocessing = 0;
		};
		EB6A68811E67A42B00F6412D /* Frameworks */ = {
			isa = PBXFrameworksBuildPhase;
			buildActionMask = 2147483647;
			files = (
			);
			runOnlyForDeploymentPostprocessing = 0;
		};
		EB6A688C1E67A42B00F6412D /* Frameworks */ = {
			isa = PBXFrameworksBuildPhase;
			buildActionMask = 2147483647;
			files = (
			);
			runOnlyForDeploymentPostprocessing = 0;
		};
/* End PBXFrameworksBuildPhase section */

/* Begin PBXGroup section */
		EB5BEFA31E724ECC00D49AB8 /* Extension */ = {
			isa = PBXGroup;
			children = (
				EB5BEFA41E724ECC00D49AB8 /* Double+Ext.swift */,
			);
			path = Extension;
			sourceTree = "<group>";
		};
		EB5BEFA61E724EF400D49AB8 /* View */ = {
			isa = PBXGroup;
			children = (
				EB5BEFA71E724EF400D49AB8 /* ScratchLabel.swift */,
				EB5BEFA81E724EF400D49AB8 /* TipSlider.swift */,
			);
			path = View;
			sourceTree = "<group>";
		};
		EB5BEFAB1E724F0E00D49AB8 /* Config */ = {
			isa = PBXGroup;
			children = (
				EB5BEFAC1E724F0E00D49AB8 /* Configuration.swift */,
			);
			path = Config;
			sourceTree = "<group>";
		};
		EB5BEFB01E72558600D49AB8 /* Controller */ = {
			isa = PBXGroup;
			children = (
				EB5BEFB11E72558600D49AB8 /* UserSettingsViewController.swift */,
				EB5BEFB21E72558600D49AB8 /* ViewController.swift */,
			);
			path = Controller;
			sourceTree = "<group>";
		};
		EB6A68671E67A42B00F6412D = {
			isa = PBXGroup;
			children = (
				EB6A68721E67A42B00F6412D /* TipsCalculator */,
				EB6A68871E67A42B00F6412D /* TipsCalculatorTests */,
				EB6A68921E67A42B00F6412D /* TipsCalculatorUITests */,
				EB6A68711E67A42B00F6412D /* Products */,
			);
			sourceTree = "<group>";
		};
		EB6A68711E67A42B00F6412D /* Products */ = {
			isa = PBXGroup;
			children = (
				EB6A68701E67A42B00F6412D /* TipsCalculator.app */,
				EB6A68841E67A42B00F6412D /* TipsCalculatorTests.xctest */,
				EB6A688F1E67A42B00F6412D /* TipsCalculatorUITests.xctest */,
			);
			name = Products;
			sourceTree = "<group>";
		};
		EB6A68721E67A42B00F6412D /* TipsCalculator */ = {
			isa = PBXGroup;
			children = (
				EB71A3B01E73A655000A5F1B /* Util */,
				EB5BEFB01E72558600D49AB8 /* Controller */,
				EB5BEFAB1E724F0E00D49AB8 /* Config */,
				EB5BEFA61E724EF400D49AB8 /* View */,
				EB5BEFA31E724ECC00D49AB8 /* Extension */,
				EB6A68731E67A42B00F6412D /* AppDelegate.swift */,
				EB6A68771E67A42B00F6412D /* Main.storyboard */,
				EB6A687A1E67A42B00F6412D /* Assets.xcassets */,
				EB6A687C1E67A42B00F6412D /* LaunchScreen.storyboard */,
				EB6A687F1E67A42B00F6412D /* Info.plist */,
				EB71A3AC1E73A595000A5F1B /* Data.plist */,
			);
			path = TipsCalculator;
			sourceTree = "<group>";
		};
		EB6A68871E67A42B00F6412D /* TipsCalculatorTests */ = {
			isa = PBXGroup;
			children = (
				EB6A68881E67A42B00F6412D /* TipsCalculatorTests.swift */,
				EB6A688A1E67A42B00F6412D /* Info.plist */,
			);
			path = TipsCalculatorTests;
			sourceTree = "<group>";
		};
		EB6A68921E67A42B00F6412D /* TipsCalculatorUITests */ = {
			isa = PBXGroup;
			children = (
				EB6A68931E67A42B00F6412D /* TipsCalculatorUITests.swift */,
				EB6A68951E67A42B00F6412D /* Info.plist */,
			);
			path = TipsCalculatorUITests;
			sourceTree = "<group>";
		};
		EB71A3B01E73A655000A5F1B /* Util */ = {
			isa = PBXGroup;
			children = (
				EB71A3B11E73A655000A5F1B /* DataManager.swift */,
			);
			path = Util;
			sourceTree = "<group>";
		};
/* End PBXGroup section */

/* Begin PBXNativeTarget section */
		EB6A686F1E67A42B00F6412D /* TipsCalculator */ = {
			isa = PBXNativeTarget;
			buildConfigurationList = EB6A68981E67A42B00F6412D /* Build configuration list for PBXNativeTarget "TipsCalculator" */;
			buildPhases = (
				EB6A686C1E67A42B00F6412D /* Sources */,
				EB6A686D1E67A42B00F6412D /* Frameworks */,
				EB6A686E1E67A42B00F6412D /* Resources */,
			);
			buildRules = (
			);
			dependencies = (
			);
			name = TipsCalculator;
			productName = TipsCalculator;
			productReference = EB6A68701E67A42B00F6412D /* TipsCalculator.app */;
			productType = "com.apple.product-type.application";
		};
		EB6A68831E67A42B00F6412D /* TipsCalculatorTests */ = {
			isa = PBXNativeTarget;
			buildConfigurationList = EB6A689B1E67A42B00F6412D /* Build configuration list for PBXNativeTarget "TipsCalculatorTests" */;
			buildPhases = (
				EB6A68801E67A42B00F6412D /* Sources */,
				EB6A68811E67A42B00F6412D /* Frameworks */,
				EB6A68821E67A42B00F6412D /* Resources */,
			);
			buildRules = (
			);
			dependencies = (
				EB6A68861E67A42B00F6412D /* PBXTargetDependency */,
			);
			name = TipsCalculatorTests;
			productName = TipsCalculatorTests;
			productReference = EB6A68841E67A42B00F6412D /* TipsCalculatorTests.xctest */;
			productType = "com.apple.product-type.bundle.unit-test";
		};
		EB6A688E1E67A42B00F6412D /* TipsCalculatorUITests */ = {
			isa = PBXNativeTarget;
			buildConfigurationList = EB6A689E1E67A42B00F6412D /* Build configuration list for PBXNativeTarget "TipsCalculatorUITests" */;
			buildPhases = (
				EB6A688B1E67A42B00F6412D /* Sources */,
				EB6A688C1E67A42B00F6412D /* Frameworks */,
				EB6A688D1E67A42B00F6412D /* Resources */,
			);
			buildRules = (
			);
			dependencies = (
				EB6A68911E67A42B00F6412D /* PBXTargetDependency */,
			);
			name = TipsCalculatorUITests;
			productName = TipsCalculatorUITests;
			productReference = EB6A688F1E67A42B00F6412D /* TipsCalculatorUITests.xctest */;
			productType = "com.apple.product-type.bundle.ui-testing";
		};
/* End PBXNativeTarget section */

/* Begin PBXProject section */
		EB6A68681E67A42B00F6412D /* Project object */ = {
			isa = PBXProject;
			attributes = {
				LastSwiftUpdateCheck = 0820;
				LastUpgradeCheck = 0820;
				TargetAttributes = {
					EB6A686F1E67A42B00F6412D = {
						CreatedOnToolsVersion = 8.2.1;
						DevelopmentTeam = U6H8QF8EBV;
						ProvisioningStyle = Automatic;
					};
					EB6A68831E67A42B00F6412D = {
						CreatedOnToolsVersion = 8.2.1;
						DevelopmentTeam = U6H8QF8EBV;
						ProvisioningStyle = Automatic;
						TestTargetID = EB6A686F1E67A42B00F6412D;
					};
					EB6A688E1E67A42B00F6412D = {
						CreatedOnToolsVersion = 8.2.1;
						DevelopmentTeam = U6H8QF8EBV;
						ProvisioningStyle = Automatic;
						TestTargetID = EB6A686F1E67A42B00F6412D;
					};
				};
			};
			buildConfigurationList = EB6A686B1E67A42B00F6412D /* Build configuration list for PBXProject "TipsCalculator" */;
			compatibilityVersion = "Xcode 3.2";
			developmentRegion = English;
			hasScannedForEncodings = 0;
			knownRegions = (
				en,
				Base,
			);
			mainGroup = EB6A68671E67A42B00F6412D;
			productRefGroup = EB6A68711E67A42B00F6412D /* Products */;
			projectDirPath = "";
			projectRoot = "";
			targets = (
				EB6A686F1E67A42B00F6412D /* TipsCalculator */,
				EB6A68831E67A42B00F6412D /* TipsCalculatorTests */,
				EB6A688E1E67A42B00F6412D /* TipsCalculatorUITests */,
			);
		};
/* End PBXProject section */

/* Begin PBXResourcesBuildPhase section */
		EB6A686E1E67A42B00F6412D /* Resources */ = {
			isa = PBXResourcesBuildPhase;
			buildActionMask = 2147483647;
			files = (
				EB6A687E1E67A42B00F6412D /* LaunchScreen.storyboard in Resources */,
				EB6A687B1E67A42B00F6412D /* Assets.xcassets in Resources */,
				EB71A3AD1E73A595000A5F1B /* Data.plist in Resources */,
				EB6A68791E67A42B00F6412D /* Main.storyboard in Resources */,
			);
			runOnlyForDeploymentPostprocessing = 0;
		};
		EB6A68821E67A42B00F6412D /* Resources */ = {
			isa = PBXResourcesBuildPhase;
			buildActionMask = 2147483647;
			files = (
			);
			runOnlyForDeploymentPostprocessing = 0;
		};
		EB6A688D1E67A42B00F6412D /* Resources */ = {
			isa = PBXResourcesBuildPhase;
			buildActionMask = 2147483647;
			files = (
			);
			runOnlyForDeploymentPostprocessing = 0;
		};
/* End PBXResourcesBuildPhase section */

/* Begin PBXSourcesBuildPhase section */
		EB6A686C1E67A42B00F6412D /* Sources */ = {
			isa = PBXSourcesBuildPhase;
			buildActionMask = 2147483647;
			files = (
				EB5BEFAA1E724EF400D49AB8 /* TipSlider.swift in Sources */,
				EB5BEFAD1E724F0E00D49AB8 /* Configuration.swift in Sources */,
				EB5BEFA51E724ECC00D49AB8 /* Double+Ext.swift in Sources */,
				EB5BEFA91E724EF400D49AB8 /* ScratchLabel.swift in Sources */,
				EB5BEFB41E72558600D49AB8 /* ViewController.swift in Sources */,
				EB5BEFB31E72558600D49AB8 /* UserSettingsViewController.swift in Sources */,
				EB71A3B21E73A655000A5F1B /* DataManager.swift in Sources */,
				EB6A68741E67A42B00F6412D /* AppDelegate.swift in Sources */,
			);
			runOnlyForDeploymentPostprocessing = 0;
		};
		EB6A68801E67A42B00F6412D /* Sources */ = {
			isa = PBXSourcesBuildPhase;
			buildActionMask = 2147483647;
			files = (
				EB6A68891E67A42B00F6412D /* TipsCalculatorTests.swift in Sources */,
			);
			runOnlyForDeploymentPostprocessing = 0;
		};
		EB6A688B1E67A42B00F6412D /* Sources */ = {
			isa = PBXSourcesBuildPhase;
			buildActionMask = 2147483647;
			files = (
				EB6A68941E67A42B00F6412D /* TipsCalculatorUITests.swift in Sources */,
			);
			runOnlyForDeploymentPostprocessing = 0;
		};
/* End PBXSourcesBuildPhase section */

/* Begin PBXTargetDependency section */
		EB6A68861E67A42B00F6412D /* PBXTargetDependency */ = {
			isa = PBXTargetDependency;
			target = EB6A686F1E67A42B00F6412D /* TipsCalculator */;
			targetProxy = EB6A68851E67A42B00F6412D /* PBXContainerItemProxy */;
		};
		EB6A68911E67A42B00F6412D /* PBXTargetDependency */ = {
			isa = PBXTargetDependency;
			target = EB6A686F1E67A42B00F6412D /* TipsCalculator */;
			targetProxy = EB6A68901E67A42B00F6412D /* PBXContainerItemProxy */;
		};
/* End PBXTargetDependency section */

/* Begin PBXVariantGroup section */
		EB6A68771E67A42B00F6412D /* Main.storyboard */ = {
			isa = PBXVariantGroup;
			children = (
				EB6A68781E67A42B00F6412D /* Base */,
			);
			name = Main.storyboard;
			sourceTree = "<group>";
		};
		EB6A687C1E67A42B00F6412D /* LaunchScreen.storyboard */ = {
			isa = PBXVariantGroup;
			children = (
				EB6A687D1E67A42B00F6412D /* Base */,
			);
			name = LaunchScreen.storyboard;
			sourceTree = "<group>";
		};
/* End PBXVariantGroup section */

/* Begin XCBuildConfiguration section */
		EB6A68961E67A42B00F6412D /* Debug */ = {
			isa = XCBuildConfiguration;
			buildSettings = {
				ALWAYS_SEARCH_USER_PATHS = NO;
				CLANG_ANALYZER_NONNULL = YES;
				CLANG_CXX_LANGUAGE_STANDARD = "gnu++0x";
				CLANG_CXX_LIBRARY = "libc++";
				CLANG_ENABLE_MODULES = YES;
				CLANG_ENABLE_OBJC_ARC = YES;
				CLANG_WARN_BOOL_CONVERSION = YES;
				CLANG_WARN_CONSTANT_CONVERSION = YES;
				CLANG_WARN_DIRECT_OBJC_ISA_USAGE = YES_ERROR;
				CLANG_WARN_DOCUMENTATION_COMMENTS = YES;
				CLANG_WARN_EMPTY_BODY = YES;
				CLANG_WARN_ENUM_CONVERSION = YES;
				CLANG_WARN_INFINITE_RECURSION = YES;
				CLANG_WARN_INT_CONVERSION = YES;
				CLANG_WARN_OBJC_ROOT_CLASS = YES_ERROR;
				CLANG_WARN_SUSPICIOUS_MOVE = YES;
				CLANG_WARN_UNREACHABLE_CODE = YES;
				CLANG_WARN__DUPLICATE_METHOD_MATCH = YES;
				"CODE_SIGN_IDENTITY[sdk=iphoneos*]" = "iPhone Developer";
				COPY_PHASE_STRIP = NO;
				DEBUG_INFORMATION_FORMAT = dwarf;
				ENABLE_STRICT_OBJC_MSGSEND = YES;
				ENABLE_TESTABILITY = YES;
				GCC_C_LANGUAGE_STANDARD = gnu99;
				GCC_DYNAMIC_NO_PIC = NO;
				GCC_NO_COMMON_BLOCKS = YES;
				GCC_OPTIMIZATION_LEVEL = 0;
				GCC_PREPROCESSOR_DEFINITIONS = (
					"DEBUG=1",
					"$(inherited)",
				);
				GCC_WARN_64_TO_32_BIT_CONVERSION = YES;
				GCC_WARN_ABOUT_RETURN_TYPE = YES_ERROR;
				GCC_WARN_UNDECLARED_SELECTOR = YES;
				GCC_WARN_UNINITIALIZED_AUTOS = YES_AGGRESSIVE;
				GCC_WARN_UNUSED_FUNCTION = YES;
				GCC_WARN_UNUSED_VARIABLE = YES;
				IPHONEOS_DEPLOYMENT_TARGET = 10.2;
				MTL_ENABLE_DEBUG_INFO = YES;
				ONLY_ACTIVE_ARCH = YES;
				SDKROOT = iphoneos;
				SWIFT_ACTIVE_COMPILATION_CONDITIONS = DEBUG;
				SWIFT_OPTIMIZATION_LEVEL = "-Onone";
				TARGETED_DEVICE_FAMILY = "1,2";
			};
			name = Debug;
		};
		EB6A68971E67A42B00F6412D /* Release */ = {
			isa = XCBuildConfiguration;
			buildSettings = {
				ALWAYS_SEARCH_USER_PATHS = NO;
				CLANG_ANALYZER_NONNULL = YES;
				CLANG_CXX_LANGUAGE_STANDARD = "gnu++0x";
				CLANG_CXX_LIBRARY = "libc++";
				CLANG_ENABLE_MODULES = YES;
				CLANG_ENABLE_OBJC_ARC = YES;
				CLANG_WARN_BOOL_CONVERSION = YES;
				CLANG_WARN_CONSTANT_CONVERSION = YES;
				CLANG_WARN_DIRECT_OBJC_ISA_USAGE = YES_ERROR;
				CLANG_WARN_DOCUMENTATION_COMMENTS = YES;
				CLANG_WARN_EMPTY_BODY = YES;
				CLANG_WARN_ENUM_CONVERSION = YES;
				CLANG_WARN_INFINITE_RECURSION = YES;
				CLANG_WARN_INT_CONVERSION = YES;
				CLANG_WARN_OBJC_ROOT_CLASS = YES_ERROR;
				CLANG_WARN_SUSPICIOUS_MOVE = YES;
				CLANG_WARN_UNREACHABLE_CODE = YES;
				CLANG_WARN__DUPLICATE_METHOD_MATCH = YES;
				"CODE_SIGN_IDENTITY[sdk=iphoneos*]" = "iPhone Developer";
				COPY_PHASE_STRIP = NO;
				DEBUG_INFORMATION_FORMAT = "dwarf-with-dsym";
				ENABLE_NS_ASSERTIONS = NO;
				ENABLE_STRICT_OBJC_MSGSEND = YES;
				GCC_C_LANGUAGE_STANDARD = gnu99;
				GCC_NO_COMMON_BLOCKS = YES;
				GCC_WARN_64_TO_32_BIT_CONVERSION = YES;
				GCC_WARN_ABOUT_RETURN_TYPE = YES_ERROR;
				GCC_WARN_UNDECLARED_SELECTOR = YES;
				GCC_WARN_UNINITIALIZED_AUTOS = YES_AGGRESSIVE;
				GCC_WARN_UNUSED_FUNCTION = YES;
				GCC_WARN_UNUSED_VARIABLE = YES;
				IPHONEOS_DEPLOYMENT_TARGET = 10.2;
				MTL_ENABLE_DEBUG_INFO = NO;
				SDKROOT = iphoneos;
				SWIFT_OPTIMIZATION_LEVEL = "-Owholemodule";
				TARGETED_DEVICE_FAMILY = "1,2";
				VALIDATE_PRODUCT = YES;
			};
			name = Release;
		};
		EB6A68991E67A42B00F6412D /* Debug */ = {
			isa = XCBuildConfiguration;
			buildSettings = {
				ASSETCATALOG_COMPILER_APPICON_NAME = AppIcon;
				DEVELOPMENT_TEAM = U6H8QF8EBV;
				INFOPLIST_FILE = TipsCalculator/Info.plist;
				LD_RUNPATH_SEARCH_PATHS = "$(inherited) @executable_path/Frameworks";
				PRODUCT_BUNDLE_IDENTIFIER = GWang.TipsCalculator;
				PRODUCT_NAME = "$(TARGET_NAME)";
				SWIFT_VERSION = 3.0;
			};
			name = Debug;
		};
		EB6A689A1E67A42B00F6412D /* Release */ = {
			isa = XCBuildConfiguration;
			buildSettings = {
				ASSETCATALOG_COMPILER_APPICON_NAME = AppIcon;
				DEVELOPMENT_TEAM = U6H8QF8EBV;
				INFOPLIST_FILE = TipsCalculator/Info.plist;
				LD_RUNPATH_SEARCH_PATHS = "$(inherited) @executable_path/Frameworks";
				PRODUCT_BUNDLE_IDENTIFIER = GWang.TipsCalculator;
				PRODUCT_NAME = "$(TARGET_NAME)";
				SWIFT_VERSION = 3.0;
			};
			name = Release;
		};
		EB6A689C1E67A42B00F6412D /* Debug */ = {
			isa = XCBuildConfiguration;
			buildSettings = {
				ALWAYS_EMBED_SWIFT_STANDARD_LIBRARIES = YES;
				BUNDLE_LOADER = "$(TEST_HOST)";
				DEVELOPMENT_TEAM = U6H8QF8EBV;
				INFOPLIST_FILE = TipsCalculatorTests/Info.plist;
				LD_RUNPATH_SEARCH_PATHS = "$(inherited) @executable_path/Frameworks @loader_path/Frameworks";
				PRODUCT_BUNDLE_IDENTIFIER = GWang.TipsCalculatorTests;
				PRODUCT_NAME = "$(TARGET_NAME)";
				SWIFT_VERSION = 3.0;
				TEST_HOST = "$(BUILT_PRODUCTS_DIR)/TipsCalculator.app/TipsCalculator";
			};
			name = Debug;
		};
		EB6A689D1E67A42B00F6412D /* Release */ = {
			isa = XCBuildConfiguration;
			buildSettings = {
				ALWAYS_EMBED_SWIFT_STANDARD_LIBRARIES = YES;
				BUNDLE_LOADER = "$(TEST_HOST)";
				DEVELOPMENT_TEAM = U6H8QF8EBV;
				INFOPLIST_FILE = TipsCalculatorTests/Info.plist;
				LD_RUNPATH_SEARCH_PATHS = "$(inherited) @executable_path/Frameworks @loader_path/Frameworks";
				PRODUCT_BUNDLE_IDENTIFIER = GWang.TipsCalculatorTests;
				PRODUCT_NAME = "$(TARGET_NAME)";
				SWIFT_VERSION = 3.0;
				TEST_HOST = "$(BUILT_PRODUCTS_DIR)/TipsCalculator.app/TipsCalculator";
			};
			name = Release;
		};
		EB6A689F1E67A42B00F6412D /* Debug */ = {
			isa = XCBuildConfiguration;
			buildSettings = {
				ALWAYS_EMBED_SWIFT_STANDARD_LIBRARIES = YES;
				DEVELOPMENT_TEAM = U6H8QF8EBV;
				INFOPLIST_FILE = TipsCalculatorUITests/Info.plist;
				LD_RUNPATH_SEARCH_PATHS = "$(inherited) @executable_path/Frameworks @loader_path/Frameworks";
				PRODUCT_BUNDLE_IDENTIFIER = GWang.TipsCalculatorUITests;
				PRODUCT_NAME = "$(TARGET_NAME)";
				SWIFT_VERSION = 3.0;
				TEST_TARGET_NAME = TipsCalculator;
			};
			name = Debug;
		};
		EB6A68A01E67A42B00F6412D /* Release */ = {
			isa = XCBuildConfiguration;
			buildSettings = {
				ALWAYS_EMBED_SWIFT_STANDARD_LIBRARIES = YES;
				DEVELOPMENT_TEAM = U6H8QF8EBV;
				INFOPLIST_FILE = TipsCalculatorUITests/Info.plist;
				LD_RUNPATH_SEARCH_PATHS = "$(inherited) @executable_path/Frameworks @loader_path/Frameworks";
				PRODUCT_BUNDLE_IDENTIFIER = GWang.TipsCalculatorUITests;
				PRODUCT_NAME = "$(TARGET_NAME)";
				SWIFT_VERSION = 3.0;
				TEST_TARGET_NAME = TipsCalculator;
			};
			name = Release;
		};
/* End XCBuildConfiguration section */

/* Begin XCConfigurationList section */
		EB6A686B1E67A42B00F6412D /* Build configuration list for PBXProject "TipsCalculator" */ = {
			isa = XCConfigurationList;
			buildConfigurations = (
				EB6A68961E67A42B00F6412D /* Debug */,
				EB6A68971E67A42B00F6412D /* Release */,
			);
			defaultConfigurationIsVisible = 0;
			defaultConfigurationName = Release;
		};
		EB6A68981E67A42B00F6412D /* Build configuration list for PBXNativeTarget "TipsCalculator" */ = {
			isa = XCConfigurationList;
			buildConfigurations = (
				EB6A68991E67A42B00F6412D /* Debug */,
				EB6A689A1E67A42B00F6412D /* Release */,
			);
			defaultConfigurationIsVisible = 0;
			defaultConfigurationName = Release;
		};
		EB6A689B1E67A42B00F6412D /* Build configuration list for PBXNativeTarget "TipsCalculatorTests" */ = {
			isa = XCConfigurationList;
			buildConfigurations = (
				EB6A689C1E67A42B00F6412D /* Debug */,
				EB6A689D1E67A42B00F6412D /* Release */,
			);
			defaultConfigurationIsVisible = 0;
			defaultConfigurationName = Release;
		};
		EB6A689E1E67A42B00F6412D /* Build configuration list for PBXNativeTarget "TipsCalculatorUITests" */ = {
			isa = XCConfigurationList;
			buildConfigurations = (
				EB6A689F1E67A42B00F6412D /* Debug */,
				EB6A68A01E67A42B00F6412D /* Release */,
			);
			defaultConfigurationIsVisible = 0;
			defaultConfigurationName = Release;
		};
/* End XCConfigurationList section */
	};
	rootObject = EB6A68681E67A42B00F6412D /* Project object */;
}
